
Microsoft Visual Studio Solution File, Format Version 12.00
# Visual Studio 15
VisualStudioVersion = 15.0.27019.1
MinimumVisualStudioVersion = 10.0.40219.1
Project("{9A19103F-16F7-4668-BE54-9A1E7A4F7556}") = "Yeelight", "Yeelight\Yeelight.csproj", "{F448595B-92AB-4254-8D17-2CD48804858C}"
EndProject
Project("{FAE04EC0-301F-11D3-BF4B-00C04F79EFBC}") = "Yeelight.TestConsole", "Yeelight.TestConsole\Yeelight.TestConsole.csproj", "{BAE29A4E-F1E8-4924-878F-F5E888E7D3B0}"
EndProject
Global
	GlobalSection(SolutionConfigurationPlatforms) = preSolution
		Debug|Any CPU = Debug|Any CPU
		Release|Any CPU = Release|Any CPU
	EndGlobalSection
	GlobalSection(ProjectConfigurationPlatforms) = postSolution
		{F448595B-92AB-4254-8D17-2CD48804858C}.Debug|Any CPU.ActiveCfg = Debug|Any CPU
		{F448595B-92AB-4254-8D17-2CD48804858C}.Debug|Any CPU.Build.0 = Debug|Any CPU
		{F448595B-92AB-4254-8D17-2CD48804858C}.Release|Any CPU.ActiveCfg = Release|Any CPU
		{F448595B-92AB-4254-8D17-2CD48804858C}.Release|Any CPU.Build.0 = Release|Any CPU
		{BAE29A4E-F1E8-4924-878F-F5E888E7D3B0}.Debug|Any CPU.ActiveCfg = Debug|Any CPU
		{BAE29A4E-F1E8-4924-878F-F5E888E7D3B0}.Debug|Any CPU.Build.0 = Debug|Any CPU
		{BAE29A4E-F1E8-4924-878F-F5E888E7D3B0}.Release|Any CPU.ActiveCfg = Release|Any CPU
		{BAE29A4E-F1E8-4924-878F-F5E888E7D3B0}.Release|Any CPU.Build.0 = Release|Any CPU
	EndGlobalSection
	GlobalSection(SolutionProperties) = preSolution
		HideSolutionNode = FALSE
	EndGlobalSection
	GlobalSection(ExtensibilityGlobals) = postSolution
		SolutionGuid = {0E37B04B-565D-4060-AA12-1253419A5CB4}
	EndGlobalSection
EndGlobal
